<?xml version="1.0" encoding="utf-8"?>
<Project ToolsVersion="4.0" xmlns="http://schemas.microsoft.com/developer/msbuild/2003">
  <ItemGroup>
    <Filter Include="Source Files">
      <UniqueIdentifier>{a956c7e7-6f53-446c-a806-cf2892f9f55f}</UniqueIdentifier>
      <Extensions>cpp;c;cxx;rc;def;r;odl;idl;hpj;bat</Extensions>
    </Filter>
    <Filter Include="Header Files">
      <UniqueIdentifier>{9561db94-0cb7-4656-95a1-dd9a49047212}</UniqueIdentifier>
      <Extensions>h;hpp;hxx;hm;inl</Extensions>
    </Filter>
    <Filter Include="Resource Files">
      <UniqueIdentifier>{27884751-cc34-47a7-a922-82798d99e719}</UniqueIdentifier>
      <Extensions>ico;cur;bmp;dlg;rc2;rct;bin;rgs;gif;jpg;jpeg;jpe</Extensions>
    </Filter>
  </ItemGroup>
  <ItemGroup>
    <ResourceCompile Include="ColorMill.rc">
      <Filter>Source Files</Filter>
    </ResourceCompile>
  </ItemGroup>
  <ItemGroup>
    <ClCompile Include="main.cpp">
      <Filter>Source Files</Filter>
    </ClCompile>
  </ItemGroup>
  <ItemGroup>
    <ClInclude Include="resource.h">
      <Filter>Header Files</Filter>
    </ClInclude>
    <ClInclude Include="VBitmap.h">
      <Filter>Header Files</Filter>
    </ClInclude>
    <ClInclude Include="Filter.h">
      <Filter>Header Files</Filter>
    </ClInclude>
    <ClInclude Include="ScriptInterpreter.h">
      <Filter>Header Files</Filter>
    </ClInclude>
    <ClInclude Include="ScriptError.h">
      <Filter>Header Files</Filter>
    </ClInclude>
    <ClInclude Include="ScriptValue.h">
      <Filter>Header Files</Filter>
    </ClInclude>
  </ItemGroup>
  <ItemGroup>
    <None Include="ColorMill.dsp" />
    <None Include="Copying" />
    <None Include="ColorMill.sln" />
    <None Include="ColorMill.VC.db" />
    <None Include="ColorMill.dsw" />
    <None Include="UpgradeLog.htm" />
  </ItemGroup>
  <ItemGroup>
    <Text Include="ColorMill.txt" />
  </ItemGroup>
</Project>